
Microsoft Visual Studio Solution File, Format Version 12.00
# Visual Studio Version 17
VisualStudioVersion = 17.9.34607.119
MinimumVisualStudioVersion = 10.0.40219.1
Project("{888888A0-9F3D-457C-B088-3A5042F75D52}") = "cycle_wh_for_3", "cycle_wh_for_3.pyproj", "{B338059C-A561-4220-9CF7-80D473415053}"
EndProject
Global
	GlobalSection(SolutionConfigurationPlatforms) = preSolution
		Debug|Any CPU = Debug|Any CPU
		Release|Any CPU = Release|Any CPU
	EndGlobalSection
	GlobalSection(ProjectConfigurationPlatforms) = postSolution
		{B338059C-A561-4220-9CF7-80D473415053}.Debug|Any CPU.ActiveCfg = Debug|Any CPU
		{B338059C-A561-4220-9CF7-80D473415053}.Release|Any CPU.ActiveCfg = Release|Any CPU
	EndGlobalSection
	GlobalSection(SolutionProperties) = preSolution
		HideSolutionNode = FALSE
	EndGlobalSection
	GlobalSection(ExtensibilityGlobals) = postSolution
		SolutionGuid = {E9CD8142-7039-49C6-A048-58768FC05772}
	EndGlobalSection
EndGlobal
